
Microsoft Visual Studio Solution File, Format Version 12.00
# Visual Studio Version 17
VisualStudioVersion = 17.3.32929.385
MinimumVisualStudioVersion = 10.0.40219.1
Project("{9A19103F-16F7-4668-BE54-9A1E7A4F7556}") = "NajotD-Edu.Api", "NajotD-Edu.Api\NajotD-Edu.Api.csproj", "{6A264086-C870-4C34-AD05-D4E125090992}"
EndProject
Project("{9A19103F-16F7-4668-BE54-9A1E7A4F7556}") = "Najotd-Edu.Domain", "Najotd-Edu.Domain\Najotd-Edu.Domain.csproj", "{068E82D2-39E5-46BF-AE7D-A2375B6004E2}"
EndProject
Project("{9A19103F-16F7-4668-BE54-9A1E7A4F7556}") = "NajotD-Edu.Infrastructure", "NajotD-Edu.Infrastructure\NajotD-Edu.Infrastructure.csproj", "{954E3894-88E1-4185-9DAD-1465E5B96B92}"
EndProject
Project("{FAE04EC0-301F-11D3-BF4B-00C04F79EFBC}") = "Najotd-Edu.Application", "Najotd-Edu.Application\Najotd-Edu.Application.csproj", "{DB2B977B-E741-48FC-ADC6-9B4457FD23A7}"
EndProject
Global
	GlobalSection(SolutionConfigurationPlatforms) = preSolution
		Debug|Any CPU = Debug|Any CPU
		Release|Any CPU = Release|Any CPU
	EndGlobalSection
	GlobalSection(ProjectConfigurationPlatforms) = postSolution
		{6A264086-C870-4C34-AD05-D4E125090992}.Debug|Any CPU.ActiveCfg = Debug|Any CPU
		{6A264086-C870-4C34-AD05-D4E125090992}.Debug|Any CPU.Build.0 = Debug|Any CPU
		{6A264086-C870-4C34-AD05-D4E125090992}.Release|Any CPU.ActiveCfg = Release|Any CPU
		{6A264086-C870-4C34-AD05-D4E125090992}.Release|Any CPU.Build.0 = Release|Any CPU
		{068E82D2-39E5-46BF-AE7D-A2375B6004E2}.Debug|Any CPU.ActiveCfg = Debug|Any CPU
		{068E82D2-39E5-46BF-AE7D-A2375B6004E2}.Debug|Any CPU.Build.0 = Debug|Any CPU
		{068E82D2-39E5-46BF-AE7D-A2375B6004E2}.Release|Any CPU.ActiveCfg = Release|Any CPU
		{068E82D2-39E5-46BF-AE7D-A2375B6004E2}.Release|Any CPU.Build.0 = Release|Any CPU
		{954E3894-88E1-4185-9DAD-1465E5B96B92}.Debug|Any CPU.ActiveCfg = Debug|Any CPU
		{954E3894-88E1-4185-9DAD-1465E5B96B92}.Debug|Any CPU.Build.0 = Debug|Any CPU
		{954E3894-88E1-4185-9DAD-1465E5B96B92}.Release|Any CPU.ActiveCfg = Release|Any CPU
		{954E3894-88E1-4185-9DAD-1465E5B96B92}.Release|Any CPU.Build.0 = Release|Any CPU
		{DB2B977B-E741-48FC-ADC6-9B4457FD23A7}.Debug|Any CPU.ActiveCfg = Debug|Any CPU
		{DB2B977B-E741-48FC-ADC6-9B4457FD23A7}.Debug|Any CPU.Build.0 = Debug|Any CPU
		{DB2B977B-E741-48FC-ADC6-9B4457FD23A7}.Release|Any CPU.ActiveCfg = Release|Any CPU
		{DB2B977B-E741-48FC-ADC6-9B4457FD23A7}.Release|Any CPU.Build.0 = Release|Any CPU
	EndGlobalSection
	GlobalSection(SolutionProperties) = preSolution
		HideSolutionNode = FALSE
	EndGlobalSection
	GlobalSection(ExtensibilityGlobals) = postSolution
		SolutionGuid = {F928DE2F-DED5-457F-AB26-4F2C57C6B8D5}
	EndGlobalSection
EndGlobal
